
Microsoft Visual Studio Solution File, Format Version 12.00
# Visual Studio Version 16
VisualStudioVersion = 16.0.30104.148
MinimumVisualStudioVersion = 10.0.40219.1
Project("{FAE04EC0-301F-11D3-BF4B-00C04F79EFBC}") = "Lesson_1_1", "Lesson_1\Lesson_1_1.csproj", "{673E5650-1687-4079-B220-42541CB7703A}"
EndProject
Project("{FAE04EC0-301F-11D3-BF4B-00C04F79EFBC}") = "Lesson_1_2", "Lesson_1_2\Lesson_1_2.csproj", "{9201BA91-54C2-4EBA-8D78-4CF2D66146C1}"
EndProject
Project("{FAE04EC0-301F-11D3-BF4B-00C04F79EFBC}") = "Lesson_1_3", "Lesson_1_3\Lesson_1_3.csproj", "{C245DA6C-4D06-49D2-A086-D18960397E35}"
EndProject
Project("{FAE04EC0-301F-11D3-BF4B-00C04F79EFBC}") = "Lesson_1_4", "Lesson_1_4\Lesson_1_4.csproj", "{C3CE5A9E-8C98-4E91-A238-452B262DAA28}"
EndProject
Project("{2150E333-8FDC-42A3-9474-1A3956D46DE8}") = "Lesson_1_DRY", "Lesson_1_DRY", "{153ADAEF-6B1D-423B-BFEB-A58059AE198B}"
EndProject
Project("{FAE04EC0-301F-11D3-BF4B-00C04F79EFBC}") = "Lesson_1_5", "Lesson_1_5\Lesson_1_5.csproj", "{8E6C707C-0FBE-4E27-8EF5-96D67447F902}"
EndProject
Project("{2150E333-8FDC-42A3-9474-1A3956D46DE8}") = "Lesson_1_HomeWork", "Lesson_1_HomeWork", "{8D837D7E-B73D-45E6-9000-5E47E4B4F271}"
EndProject
Project("{FAE04EC0-301F-11D3-BF4B-00C04F79EFBC}") = "Lesson_1_HomeWork_1", "Lesson_1_HomeWork_1\Lesson_1_HomeWork_1.csproj", "{5306FFA8-7FE6-4B70-A0F0-DF59F3DACAD5}"
EndProject
Project("{FAE04EC0-301F-11D3-BF4B-00C04F79EFBC}") = "Lesson_1_HomeWork_2", "Lesson_1_HomeWork_2\Lesson_1_HomeWork_2.csproj", "{9F646DEA-D967-4D11-9319-56862A4331EF}"
EndProject
Project("{2150E333-8FDC-42A3-9474-1A3956D46DE8}") = "Lesson_2_SOLID", "Lesson_2_SOLID", "{392CBCC2-A229-4A27-A28B-B09431373C57}"
EndProject
Project("{FAE04EC0-301F-11D3-BF4B-00C04F79EFBC}") = "Single_Responsibility_Principle_1", "Single_Responsibility_Principle\Single_Responsibility_Principle_1.csproj", "{3352382D-1C7A-4BEF-8479-A0439C988C4D}"
EndProject
Project("{FAE04EC0-301F-11D3-BF4B-00C04F79EFBC}") = "Single_Responsibility_Principle_2", "Single_Responsibility_Principle_2\Single_Responsibility_Principle_2.csproj", "{B00DF650-C800-4FC0-AA2E-7F5FB249E46B}"
EndProject
Project("{FAE04EC0-301F-11D3-BF4B-00C04F79EFBC}") = "Single_Responsibility_Principle_3", "Single_Responsibility_Principle_3\Single_Responsibility_Principle_3.csproj", "{10FA976D-728C-4A72-BC7D-3A5084684514}"
EndProject
Project("{FAE04EC0-301F-11D3-BF4B-00C04F79EFBC}") = "Open_Closed_Principle_1", "Open_Closed_Principle_1\Open_Closed_Principle_1.csproj", "{B36DC66C-9705-4975-8247-C1932D28C829}"
EndProject
Project("{FAE04EC0-301F-11D3-BF4B-00C04F79EFBC}") = "Open_Closed_Principle_2", "Open_Closed_Principle_2\Open_Closed_Principle_2.csproj", "{8D8033FB-A6F7-46C9-8291-235B8E07DD85}"
EndProject
Project("{FAE04EC0-301F-11D3-BF4B-00C04F79EFBC}") = "Open_Closed_Principle_3", "Open_Closed_Principle_3\Open_Closed_Principle_3.csproj", "{B81DFBF4-E210-4CE7-B87A-B74EE3CAF478}"
EndProject
Project("{FAE04EC0-301F-11D3-BF4B-00C04F79EFBC}") = "Liskov_Substitution_Principle_1", "Liskov_Substitution_Principle_1\Liskov_Substitution_Principle_1.csproj", "{D97269D1-A7FD-42BC-A5C6-BE526134B698}"
EndProject
Project("{FAE04EC0-301F-11D3-BF4B-00C04F79EFBC}") = "LiskovSubstitutionPrinciple_2", "LiskovSubstitutionPrinciple_2\LiskovSubstitutionPrinciple_2.csproj", "{2A88E798-AEDD-4DAF-9C34-8291E8C8EC57}"
EndProject
Project("{FAE04EC0-301F-11D3-BF4B-00C04F79EFBC}") = "LiskovSubstitutionPrinciple_3", "LiskovSubstitutionPrinciple_3\LiskovSubstitutionPrinciple_3.csproj", "{4AF746C6-5701-441D-92A4-B159DD358BBF}"
EndProject
Project("{FAE04EC0-301F-11D3-BF4B-00C04F79EFBC}") = "Interface_Segregation_Principle_1", "Interface_Segregation_Principle_1\Interface_Segregation_Principle_1.csproj", "{97A9D6D3-CD02-4B55-B16E-6671AD8111E4}"
EndProject
Project("{FAE04EC0-301F-11D3-BF4B-00C04F79EFBC}") = "Interface_Segregation_Principle_2", "Interface_Segregation_Principle_2\Interface_Segregation_Principle_2.csproj", "{09D1CEE5-0897-4F17-8971-B184915CA5D2}"
EndProject
Project("{FAE04EC0-301F-11D3-BF4B-00C04F79EFBC}") = "Interface_Segregation_Principle_3", "Interface_Segregation_Principle_3\Interface_Segregation_Principle_3.csproj", "{7A253587-EE09-41D7-AAD6-928E12BCAD40}"
EndProject
Project("{9A19103F-16F7-4668-BE54-9A1E7A4F7556}") = "Dependency_Inversion_Principle_1", "Dependency_Inversion_Principle_1\Dependency_Inversion_Principle_1.csproj", "{C34F9666-BD4F-407A-BDF0-1F631B805701}"
EndProject
Project("{FAE04EC0-301F-11D3-BF4B-00C04F79EFBC}") = "Dependency_Inversion_Principle_2", "DependencyInversionPrinciple_2\Dependency_Inversion_Principle_2.csproj", "{6F1F2310-C4D4-4CFF-AA02-9E557182A6F5}"
EndProject
Project("{FAE04EC0-301F-11D3-BF4B-00C04F79EFBC}") = "Dependency_Inversion_Principle_3", "Dependency_Inversion_Principle_3\Dependency_Inversion_Principle_3.csproj", "{14B10A78-3339-4C5C-9D87-8D4D1888E172}"
EndProject
Project("{FAE04EC0-301F-11D3-BF4B-00C04F79EFBC}") = "Dependency_Inversion_Principle_4", "Dependency_Inversion_Principle_4\Dependency_Inversion_Principle_4.csproj", "{21352246-3779-4EAD-B413-55104C812DBC}"
EndProject
Project("{FAE04EC0-301F-11D3-BF4B-00C04F79EFBC}") = "Dependency_Inversion_Principle_5", "Dependency_Inversion_Principle_5\Dependency_Inversion_Principle_5.csproj", "{7FE57713-E9BE-42B9-BB84-64C35DA14568}"
EndProject
Project("{2150E333-8FDC-42A3-9474-1A3956D46DE8}") = "Lesson_2_HomeWork", "Lesson_2_HomeWork", "{E8F29DB1-2415-4EA1-B1DE-1528E79C3412}"
EndProject
Project("{FAE04EC0-301F-11D3-BF4B-00C04F79EFBC}") = "Lesson_2_HomeWork_1", "Lesson_2_HomeWork_1\Lesson_2_HomeWork_1.csproj", "{166CBF55-B5B7-4F04-8BC4-63CB6B620270}"
EndProject
Project("{FAE04EC0-301F-11D3-BF4B-00C04F79EFBC}") = "Lesson_2_HomeWork_2", "Lesson_2_HomeWork_2\Lesson_2_HomeWork_2.csproj", "{B608AFE3-27C6-400E-8BC6-067C89F316A7}"
EndProject
Project("{2150E333-8FDC-42A3-9474-1A3956D46DE8}") = "Lesson_3_Factory", "Lesson_3_Factory", "{1BBAA658-ACE5-41FA-B6D5-6E75DB10472A}"
EndProject
Project("{FAE04EC0-301F-11D3-BF4B-00C04F79EFBC}") = "Factory", "Factory\Factory.csproj", "{AC0836D4-0F10-4B39-9F45-9D51C57E9649}"
EndProject
Project("{FAE04EC0-301F-11D3-BF4B-00C04F79EFBC}") = "Abstract_Factory_1", "Abstract_Factory\Abstract_Factory_1.csproj", "{3AE39960-A990-452F-A680-F4B93997D631}"
EndProject
Project("{FAE04EC0-301F-11D3-BF4B-00C04F79EFBC}") = "Factory_Method_1", "Factory_Method\Factory_Method_1.csproj", "{092BF64F-6282-465F-A9C1-B917135E6520}"
EndProject
Project("{FAE04EC0-301F-11D3-BF4B-00C04F79EFBC}") = "Factory_Method_2", "Factory_Method_2\Factory_Method_2.csproj", "{508EE768-5B08-480F-88A2-14E50726060A}"
EndProject
Project("{FAE04EC0-301F-11D3-BF4B-00C04F79EFBC}") = "Factory_Method_3", "Factory_Method_3\Factory_Method_3.csproj", "{A953F54E-62A3-4A41-BC06-61E409739FE8}"
EndProject
Project("{FAE04EC0-301F-11D3-BF4B-00C04F79EFBC}") = "Abstract_Factory_2", "Abstract_Factory_2\Abstract_Factory_2.csproj", "{F1EB4D1E-5C5A-4A22-A6FD-A458D7B376CD}"
EndProject
Project("{FAE04EC0-301F-11D3-BF4B-00C04F79EFBC}") = "Abstract_Factory_3", "Abstract_Factory_3\Abstract_Factory_3.csproj", "{02018C55-F8D6-4E9B-8C6F-0B8E427F67BD}"
EndProject
Project("{2150E333-8FDC-42A3-9474-1A3956D46DE8}") = "Lesson_3_HomeWork", "Lesson_3_HomeWork", "{AEAE17E0-6663-428E-9CA1-F23B63D417E6}"
EndProject
Project("{FAE04EC0-301F-11D3-BF4B-00C04F79EFBC}") = "Lesson_3_HomeWork", "Lesson_3_HomeWork\Lesson_3_HomeWork.csproj", "{9032F6E3-3090-4480-A3D8-BD977153D869}"
EndProject
Project("{FAE04EC0-301F-11D3-BF4B-00C04F79EFBC}") = "Lesson_3_HomeWork_2", "Lesson_3_HomeWork_2\Lesson_3_HomeWork_2.csproj", "{0D4D28A9-EFDE-4C4C-8965-1208B1DEC959}"
EndProject
Project("{2150E333-8FDC-42A3-9474-1A3956D46DE8}") = "Lesson_4_Singleton_Prototype_Builder_ObjectPool", "Lesson_4_Singleton_Prototype_Builder_ObjectPool", "{F6484D40-0DBC-4F9B-A532-F973B5B8653C}"
EndProject
Project("{FAE04EC0-301F-11D3-BF4B-00C04F79EFBC}") = "Lazy_Initialization_1", "Lazy_Initialization_1\Lazy_Initialization_1.csproj", "{F1EA7E9E-9DC4-4F43-93C3-A36D61DB3D8F}"
EndProject
Project("{FAE04EC0-301F-11D3-BF4B-00C04F79EFBC}") = "Singleton_1", "Singleton\Singleton_1.csproj", "{0EED95EE-A48E-49F7-B206-23FE232EC5CA}"
EndProject
Project("{FAE04EC0-301F-11D3-BF4B-00C04F79EFBC}") = "Singleton_2", "Singleton_2\Singleton_2.csproj", "{1E6916B7-CB68-4083-B368-CF4A92A96F95}"
EndProject
Project("{FAE04EC0-301F-11D3-BF4B-00C04F79EFBC}") = "Singleton_3", "Singleton_3\Singleton_3.csproj", "{066C56F1-F44A-46C2-8598-73A83E7C5847}"
EndProject
Project("{FAE04EC0-301F-11D3-BF4B-00C04F79EFBC}") = "Prototype_1", "Prototype_1\Prototype_1.csproj", "{721C9F94-795A-43E8-BEFD-2F1C8BB4EF6F}"
EndProject
Project("{FAE04EC0-301F-11D3-BF4B-00C04F79EFBC}") = "Prototype_2", "Prototype_2\Prototype_2.csproj", "{CD08223F-93DC-49EA-95CE-13AA69644959}"
EndProject
Project("{FAE04EC0-301F-11D3-BF4B-00C04F79EFBC}") = "Prototype_3", "Prototype_3\Prototype_3.csproj", "{DE187152-89C9-43B5-8C56-48A8DB83E5F1}"
EndProject
Project("{FAE04EC0-301F-11D3-BF4B-00C04F79EFBC}") = "Builder_1", "Builder_1\Builder_1.csproj", "{A5059EB8-AE48-4277-AB92-F99D7B7D8939}"
EndProject
Project("{FAE04EC0-301F-11D3-BF4B-00C04F79EFBC}") = "Builder_2", "Builder_2\Builder_2.csproj", "{B15FD017-FAEC-4622-AA88-3AC303A9846F}"
EndProject
Project("{FAE04EC0-301F-11D3-BF4B-00C04F79EFBC}") = "Builder_3", "Builder_3\Builder_3.csproj", "{282ABBB9-1E32-4D3C-BA26-F1420B6F7311}"
EndProject
Project("{FAE04EC0-301F-11D3-BF4B-00C04F79EFBC}") = "Object_Pool_1", "Object_Pool_1\Object_Pool_1.csproj", "{9921B3F1-48B9-41B9-9D85-38795C6926D2}"
EndProject
Global
	GlobalSection(SolutionConfigurationPlatforms) = preSolution
		Debug|Any CPU = Debug|Any CPU
		Release|Any CPU = Release|Any CPU
	EndGlobalSection
	GlobalSection(ProjectConfigurationPlatforms) = postSolution
		{673E5650-1687-4079-B220-42541CB7703A}.Debug|Any CPU.ActiveCfg = Debug|Any CPU
		{673E5650-1687-4079-B220-42541CB7703A}.Debug|Any CPU.Build.0 = Debug|Any CPU
		{673E5650-1687-4079-B220-42541CB7703A}.Release|Any CPU.ActiveCfg = Release|Any CPU
		{673E5650-1687-4079-B220-42541CB7703A}.Release|Any CPU.Build.0 = Release|Any CPU
		{9201BA91-54C2-4EBA-8D78-4CF2D66146C1}.Debug|Any CPU.ActiveCfg = Debug|Any CPU
		{9201BA91-54C2-4EBA-8D78-4CF2D66146C1}.Debug|Any CPU.Build.0 = Debug|Any CPU
		{9201BA91-54C2-4EBA-8D78-4CF2D66146C1}.Release|Any CPU.ActiveCfg = Release|Any CPU
		{9201BA91-54C2-4EBA-8D78-4CF2D66146C1}.Release|Any CPU.Build.0 = Release|Any CPU
		{C245DA6C-4D06-49D2-A086-D18960397E35}.Debug|Any CPU.ActiveCfg = Debug|Any CPU
		{C245DA6C-4D06-49D2-A086-D18960397E35}.Debug|Any CPU.Build.0 = Debug|Any CPU
		{C245DA6C-4D06-49D2-A086-D18960397E35}.Release|Any CPU.ActiveCfg = Release|Any CPU
		{C245DA6C-4D06-49D2-A086-D18960397E35}.Release|Any CPU.Build.0 = Release|Any CPU
		{C3CE5A9E-8C98-4E91-A238-452B262DAA28}.Debug|Any CPU.ActiveCfg = Debug|Any CPU
		{C3CE5A9E-8C98-4E91-A238-452B262DAA28}.Debug|Any CPU.Build.0 = Debug|Any CPU
		{C3CE5A9E-8C98-4E91-A238-452B262DAA28}.Release|Any CPU.ActiveCfg = Release|Any CPU
		{C3CE5A9E-8C98-4E91-A238-452B262DAA28}.Release|Any CPU.Build.0 = Release|Any CPU
		{8E6C707C-0FBE-4E27-8EF5-96D67447F902}.Debug|Any CPU.ActiveCfg = Debug|Any CPU
		{8E6C707C-0FBE-4E27-8EF5-96D67447F902}.Debug|Any CPU.Build.0 = Debug|Any CPU
		{8E6C707C-0FBE-4E27-8EF5-96D67447F902}.Release|Any CPU.ActiveCfg = Release|Any CPU
		{8E6C707C-0FBE-4E27-8EF5-96D67447F902}.Release|Any CPU.Build.0 = Release|Any CPU
		{5306FFA8-7FE6-4B70-A0F0-DF59F3DACAD5}.Debug|Any CPU.ActiveCfg = Debug|Any CPU
		{5306FFA8-7FE6-4B70-A0F0-DF59F3DACAD5}.Debug|Any CPU.Build.0 = Debug|Any CPU
		{5306FFA8-7FE6-4B70-A0F0-DF59F3DACAD5}.Release|Any CPU.ActiveCfg = Release|Any CPU
		{5306FFA8-7FE6-4B70-A0F0-DF59F3DACAD5}.Release|Any CPU.Build.0 = Release|Any CPU
		{9F646DEA-D967-4D11-9319-56862A4331EF}.Debug|Any CPU.ActiveCfg = Debug|Any CPU
		{9F646DEA-D967-4D11-9319-56862A4331EF}.Debug|Any CPU.Build.0 = Debug|Any CPU
		{9F646DEA-D967-4D11-9319-56862A4331EF}.Release|Any CPU.ActiveCfg = Release|Any CPU
		{9F646DEA-D967-4D11-9319-56862A4331EF}.Release|Any CPU.Build.0 = Release|Any CPU
		{3352382D-1C7A-4BEF-8479-A0439C988C4D}.Debug|Any CPU.ActiveCfg = Debug|Any CPU
		{3352382D-1C7A-4BEF-8479-A0439C988C4D}.Debug|Any CPU.Build.0 = Debug|Any CPU
		{3352382D-1C7A-4BEF-8479-A0439C988C4D}.Release|Any CPU.ActiveCfg = Release|Any CPU
		{3352382D-1C7A-4BEF-8479-A0439C988C4D}.Release|Any CPU.Build.0 = Release|Any CPU
		{B00DF650-C800-4FC0-AA2E-7F5FB249E46B}.Debug|Any CPU.ActiveCfg = Debug|Any CPU
		{B00DF650-C800-4FC0-AA2E-7F5FB249E46B}.Debug|Any CPU.Build.0 = Debug|Any CPU
		{B00DF650-C800-4FC0-AA2E-7F5FB249E46B}.Release|Any CPU.ActiveCfg = Release|Any CPU
		{B00DF650-C800-4FC0-AA2E-7F5FB249E46B}.Release|Any CPU.Build.0 = Release|Any CPU
		{10FA976D-728C-4A72-BC7D-3A5084684514}.Debug|Any CPU.ActiveCfg = Debug|Any CPU
		{10FA976D-728C-4A72-BC7D-3A5084684514}.Debug|Any CPU.Build.0 = Debug|Any CPU
		{10FA976D-728C-4A72-BC7D-3A5084684514}.Release|Any CPU.ActiveCfg = Release|Any CPU
		{10FA976D-728C-4A72-BC7D-3A5084684514}.Release|Any CPU.Build.0 = Release|Any CPU
		{B36DC66C-9705-4975-8247-C1932D28C829}.Debug|Any CPU.ActiveCfg = Debug|Any CPU
		{B36DC66C-9705-4975-8247-C1932D28C829}.Debug|Any CPU.Build.0 = Debug|Any CPU
		{B36DC66C-9705-4975-8247-C1932D28C829}.Release|Any CPU.ActiveCfg = Release|Any CPU
		{B36DC66C-9705-4975-8247-C1932D28C829}.Release|Any CPU.Build.0 = Release|Any CPU
		{8D8033FB-A6F7-46C9-8291-235B8E07DD85}.Debug|Any CPU.ActiveCfg = Debug|Any CPU
		{8D8033FB-A6F7-46C9-8291-235B8E07DD85}.Debug|Any CPU.Build.0 = Debug|Any CPU
		{8D8033FB-A6F7-46C9-8291-235B8E07DD85}.Release|Any CPU.ActiveCfg = Release|Any CPU
		{8D8033FB-A6F7-46C9-8291-235B8E07DD85}.Release|Any CPU.Build.0 = Release|Any CPU
		{B81DFBF4-E210-4CE7-B87A-B74EE3CAF478}.Debug|Any CPU.ActiveCfg = Debug|Any CPU
		{B81DFBF4-E210-4CE7-B87A-B74EE3CAF478}.Debug|Any CPU.Build.0 = Debug|Any CPU
		{B81DFBF4-E210-4CE7-B87A-B74EE3CAF478}.Release|Any CPU.ActiveCfg = Release|Any CPU
		{B81DFBF4-E210-4CE7-B87A-B74EE3CAF478}.Release|Any CPU.Build.0 = Release|Any CPU
		{D97269D1-A7FD-42BC-A5C6-BE526134B698}.Debug|Any CPU.ActiveCfg = Debug|Any CPU
		{D97269D1-A7FD-42BC-A5C6-BE526134B698}.Debug|Any CPU.Build.0 = Debug|Any CPU
		{D97269D1-A7FD-42BC-A5C6-BE526134B698}.Release|Any CPU.ActiveCfg = Release|Any CPU
		{D97269D1-A7FD-42BC-A5C6-BE526134B698}.Release|Any CPU.Build.0 = Release|Any CPU
		{2A88E798-AEDD-4DAF-9C34-8291E8C8EC57}.Debug|Any CPU.ActiveCfg = Debug|Any CPU
		{2A88E798-AEDD-4DAF-9C34-8291E8C8EC57}.Debug|Any CPU.Build.0 = Debug|Any CPU
		{2A88E798-AEDD-4DAF-9C34-8291E8C8EC57}.Release|Any CPU.ActiveCfg = Release|Any CPU
		{2A88E798-AEDD-4DAF-9C34-8291E8C8EC57}.Release|Any CPU.Build.0 = Release|Any CPU
		{4AF746C6-5701-441D-92A4-B159DD358BBF}.Debug|Any CPU.ActiveCfg = Debug|Any CPU
		{4AF746C6-5701-441D-92A4-B159DD358BBF}.Debug|Any CPU.Build.0 = Debug|Any CPU
		{4AF746C6-5701-441D-92A4-B159DD358BBF}.Release|Any CPU.ActiveCfg = Release|Any CPU
		{4AF746C6-5701-441D-92A4-B159DD358BBF}.Release|Any CPU.Build.0 = Release|Any CPU
		{97A9D6D3-CD02-4B55-B16E-6671AD8111E4}.Debug|Any CPU.ActiveCfg = Debug|Any CPU
		{97A9D6D3-CD02-4B55-B16E-6671AD8111E4}.Debug|Any CPU.Build.0 = Debug|Any CPU
		{97A9D6D3-CD02-4B55-B16E-6671AD8111E4}.Release|Any CPU.ActiveCfg = Release|Any CPU
		{97A9D6D3-CD02-4B55-B16E-6671AD8111E4}.Release|Any CPU.Build.0 = Release|Any CPU
		{09D1CEE5-0897-4F17-8971-B184915CA5D2}.Debug|Any CPU.ActiveCfg = Debug|Any CPU
		{09D1CEE5-0897-4F17-8971-B184915CA5D2}.Debug|Any CPU.Build.0 = Debug|Any CPU
		{09D1CEE5-0897-4F17-8971-B184915CA5D2}.Release|Any CPU.ActiveCfg = Release|Any CPU
		{09D1CEE5-0897-4F17-8971-B184915CA5D2}.Release|Any CPU.Build.0 = Release|Any CPU
		{7A253587-EE09-41D7-AAD6-928E12BCAD40}.Debug|Any CPU.ActiveCfg = Debug|Any CPU
		{7A253587-EE09-41D7-AAD6-928E12BCAD40}.Debug|Any CPU.Build.0 = Debug|Any CPU
		{7A253587-EE09-41D7-AAD6-928E12BCAD40}.Release|Any CPU.ActiveCfg = Release|Any CPU
		{7A253587-EE09-41D7-AAD6-928E12BCAD40}.Release|Any CPU.Build.0 = Release|Any CPU
		{C34F9666-BD4F-407A-BDF0-1F631B805701}.Debug|Any CPU.ActiveCfg = Debug|Any CPU
		{C34F9666-BD4F-407A-BDF0-1F631B805701}.Debug|Any CPU.Build.0 = Debug|Any CPU
		{C34F9666-BD4F-407A-BDF0-1F631B805701}.Release|Any CPU.ActiveCfg = Release|Any CPU
		{C34F9666-BD4F-407A-BDF0-1F631B805701}.Release|Any CPU.Build.0 = Release|Any CPU
		{6F1F2310-C4D4-4CFF-AA02-9E557182A6F5}.Debug|Any CPU.ActiveCfg = Debug|Any CPU
		{6F1F2310-C4D4-4CFF-AA02-9E557182A6F5}.Debug|Any CPU.Build.0 = Debug|Any CPU
		{6F1F2310-C4D4-4CFF-AA02-9E557182A6F5}.Release|Any CPU.ActiveCfg = Release|Any CPU
		{6F1F2310-C4D4-4CFF-AA02-9E557182A6F5}.Release|Any CPU.Build.0 = Release|Any CPU
		{14B10A78-3339-4C5C-9D87-8D4D1888E172}.Debug|Any CPU.ActiveCfg = Debug|Any CPU
		{14B10A78-3339-4C5C-9D87-8D4D1888E172}.Debug|Any CPU.Build.0 = Debug|Any CPU
		{14B10A78-3339-4C5C-9D87-8D4D1888E172}.Release|Any CPU.ActiveCfg = Release|Any CPU
		{14B10A78-3339-4C5C-9D87-8D4D1888E172}.Release|Any CPU.Build.0 = Release|Any CPU
		{21352246-3779-4EAD-B413-55104C812DBC}.Debug|Any CPU.ActiveCfg = Debug|Any CPU
		{21352246-3779-4EAD-B413-55104C812DBC}.Debug|Any CPU.Build.0 = Debug|Any CPU
		{21352246-3779-4EAD-B413-55104C812DBC}.Release|Any CPU.ActiveCfg = Release|Any CPU
		{21352246-3779-4EAD-B413-55104C812DBC}.Release|Any CPU.Build.0 = Release|Any CPU
		{7FE57713-E9BE-42B9-BB84-64C35DA14568}.Debug|Any CPU.ActiveCfg = Debug|Any CPU
		{7FE57713-E9BE-42B9-BB84-64C35DA14568}.Debug|Any CPU.Build.0 = Debug|Any CPU
		{7FE57713-E9BE-42B9-BB84-64C35DA14568}.Release|Any CPU.ActiveCfg = Release|Any CPU
		{7FE57713-E9BE-42B9-BB84-64C35DA14568}.Release|Any CPU.Build.0 = Release|Any CPU
		{166CBF55-B5B7-4F04-8BC4-63CB6B620270}.Debug|Any CPU.ActiveCfg = Debug|Any CPU
		{166CBF55-B5B7-4F04-8BC4-63CB6B620270}.Debug|Any CPU.Build.0 = Debug|Any CPU
		{166CBF55-B5B7-4F04-8BC4-63CB6B620270}.Release|Any CPU.ActiveCfg = Release|Any CPU
		{166CBF55-B5B7-4F04-8BC4-63CB6B620270}.Release|Any CPU.Build.0 = Release|Any CPU
		{B608AFE3-27C6-400E-8BC6-067C89F316A7}.Debug|Any CPU.ActiveCfg = Debug|Any CPU
		{B608AFE3-27C6-400E-8BC6-067C89F316A7}.Debug|Any CPU.Build.0 = Debug|Any CPU
		{B608AFE3-27C6-400E-8BC6-067C89F316A7}.Release|Any CPU.ActiveCfg = Release|Any CPU
		{B608AFE3-27C6-400E-8BC6-067C89F316A7}.Release|Any CPU.Build.0 = Release|Any CPU
		{AC0836D4-0F10-4B39-9F45-9D51C57E9649}.Debug|Any CPU.ActiveCfg = Debug|Any CPU
		{AC0836D4-0F10-4B39-9F45-9D51C57E9649}.Debug|Any CPU.Build.0 = Debug|Any CPU
		{AC0836D4-0F10-4B39-9F45-9D51C57E9649}.Release|Any CPU.ActiveCfg = Release|Any CPU
		{AC0836D4-0F10-4B39-9F45-9D51C57E9649}.Release|Any CPU.Build.0 = Release|Any CPU
		{3AE39960-A990-452F-A680-F4B93997D631}.Debug|Any CPU.ActiveCfg = Debug|Any CPU
		{3AE39960-A990-452F-A680-F4B93997D631}.Debug|Any CPU.Build.0 = Debug|Any CPU
		{3AE39960-A990-452F-A680-F4B93997D631}.Release|Any CPU.ActiveCfg = Release|Any CPU
		{3AE39960-A990-452F-A680-F4B93997D631}.Release|Any CPU.Build.0 = Release|Any CPU
		{092BF64F-6282-465F-A9C1-B917135E6520}.Debug|Any CPU.ActiveCfg = Debug|Any CPU
		{092BF64F-6282-465F-A9C1-B917135E6520}.Debug|Any CPU.Build.0 = Debug|Any CPU
		{092BF64F-6282-465F-A9C1-B917135E6520}.Release|Any CPU.ActiveCfg = Release|Any CPU
		{092BF64F-6282-465F-A9C1-B917135E6520}.Release|Any CPU.Build.0 = Release|Any CPU
		{508EE768-5B08-480F-88A2-14E50726060A}.Debug|Any CPU.ActiveCfg = Debug|Any CPU
		{508EE768-5B08-480F-88A2-14E50726060A}.Debug|Any CPU.Build.0 = Debug|Any CPU
		{508EE768-5B08-480F-88A2-14E50726060A}.Release|Any CPU.ActiveCfg = Release|Any CPU
		{508EE768-5B08-480F-88A2-14E50726060A}.Release|Any CPU.Build.0 = Release|Any CPU
		{A953F54E-62A3-4A41-BC06-61E409739FE8}.Debug|Any CPU.ActiveCfg = Debug|Any CPU
		{A953F54E-62A3-4A41-BC06-61E409739FE8}.Debug|Any CPU.Build.0 = Debug|Any CPU
		{A953F54E-62A3-4A41-BC06-61E409739FE8}.Release|Any CPU.ActiveCfg = Release|Any CPU
		{A953F54E-62A3-4A41-BC06-61E409739FE8}.Release|Any CPU.Build.0 = Release|Any CPU
		{F1EB4D1E-5C5A-4A22-A6FD-A458D7B376CD}.Debug|Any CPU.ActiveCfg = Debug|Any CPU
		{F1EB4D1E-5C5A-4A22-A6FD-A458D7B376CD}.Debug|Any CPU.Build.0 = Debug|Any CPU
		{F1EB4D1E-5C5A-4A22-A6FD-A458D7B376CD}.Release|Any CPU.ActiveCfg = Release|Any CPU
		{F1EB4D1E-5C5A-4A22-A6FD-A458D7B376CD}.Release|Any CPU.Build.0 = Release|Any CPU
		{02018C55-F8D6-4E9B-8C6F-0B8E427F67BD}.Debug|Any CPU.ActiveCfg = Debug|Any CPU
		{02018C55-F8D6-4E9B-8C6F-0B8E427F67BD}.Debug|Any CPU.Build.0 = Debug|Any CPU
		{02018C55-F8D6-4E9B-8C6F-0B8E427F67BD}.Release|Any CPU.ActiveCfg = Release|Any CPU
		{02018C55-F8D6-4E9B-8C6F-0B8E427F67BD}.Release|Any CPU.Build.0 = Release|Any CPU
		{9032F6E3-3090-4480-A3D8-BD977153D869}.Debug|Any CPU.ActiveCfg = Debug|Any CPU
		{9032F6E3-3090-4480-A3D8-BD977153D869}.Debug|Any CPU.Build.0 = Debug|Any CPU
		{9032F6E3-3090-4480-A3D8-BD977153D869}.Release|Any CPU.ActiveCfg = Release|Any CPU
		{9032F6E3-3090-4480-A3D8-BD977153D869}.Release|Any CPU.Build.0 = Release|Any CPU
		{0D4D28A9-EFDE-4C4C-8965-1208B1DEC959}.Debug|Any CPU.ActiveCfg = Debug|Any CPU
		{0D4D28A9-EFDE-4C4C-8965-1208B1DEC959}.Debug|Any CPU.Build.0 = Debug|Any CPU
		{0D4D28A9-EFDE-4C4C-8965-1208B1DEC959}.Release|Any CPU.ActiveCfg = Release|Any CPU
		{0D4D28A9-EFDE-4C4C-8965-1208B1DEC959}.Release|Any CPU.Build.0 = Release|Any CPU
		{F1EA7E9E-9DC4-4F43-93C3-A36D61DB3D8F}.Debug|Any CPU.ActiveCfg = Debug|Any CPU
		{F1EA7E9E-9DC4-4F43-93C3-A36D61DB3D8F}.Debug|Any CPU.Build.0 = Debug|Any CPU
		{F1EA7E9E-9DC4-4F43-93C3-A36D61DB3D8F}.Release|Any CPU.ActiveCfg = Release|Any CPU
		{F1EA7E9E-9DC4-4F43-93C3-A36D61DB3D8F}.Release|Any CPU.Build.0 = Release|Any CPU
		{0EED95EE-A48E-49F7-B206-23FE232EC5CA}.Debug|Any CPU.ActiveCfg = Debug|Any CPU
		{0EED95EE-A48E-49F7-B206-23FE232EC5CA}.Debug|Any CPU.Build.0 = Debug|Any CPU
		{0EED95EE-A48E-49F7-B206-23FE232EC5CA}.Release|Any CPU.ActiveCfg = Release|Any CPU
		{0EED95EE-A48E-49F7-B206-23FE232EC5CA}.Release|Any CPU.Build.0 = Release|Any CPU
		{1E6916B7-CB68-4083-B368-CF4A92A96F95}.Debug|Any CPU.ActiveCfg = Debug|Any CPU
		{1E6916B7-CB68-4083-B368-CF4A92A96F95}.Debug|Any CPU.Build.0 = Debug|Any CPU
		{1E6916B7-CB68-4083-B368-CF4A92A96F95}.Release|Any CPU.ActiveCfg = Release|Any CPU
		{1E6916B7-CB68-4083-B368-CF4A92A96F95}.Release|Any CPU.Build.0 = Release|Any CPU
		{066C56F1-F44A-46C2-8598-73A83E7C5847}.Debug|Any CPU.ActiveCfg = Debug|Any CPU
		{066C56F1-F44A-46C2-8598-73A83E7C5847}.Debug|Any CPU.Build.0 = Debug|Any CPU
		{066C56F1-F44A-46C2-8598-73A83E7C5847}.Release|Any CPU.ActiveCfg = Release|Any CPU
		{066C56F1-F44A-46C2-8598-73A83E7C5847}.Release|Any CPU.Build.0 = Release|Any CPU
		{721C9F94-795A-43E8-BEFD-2F1C8BB4EF6F}.Debug|Any CPU.ActiveCfg = Debug|Any CPU
		{721C9F94-795A-43E8-BEFD-2F1C8BB4EF6F}.Debug|Any CPU.Build.0 = Debug|Any CPU
		{721C9F94-795A-43E8-BEFD-2F1C8BB4EF6F}.Release|Any CPU.ActiveCfg = Release|Any CPU
		{721C9F94-795A-43E8-BEFD-2F1C8BB4EF6F}.Release|Any CPU.Build.0 = Release|Any CPU
		{CD08223F-93DC-49EA-95CE-13AA69644959}.Debug|Any CPU.ActiveCfg = Debug|Any CPU
		{CD08223F-93DC-49EA-95CE-13AA69644959}.Debug|Any CPU.Build.0 = Debug|Any CPU
		{CD08223F-93DC-49EA-95CE-13AA69644959}.Release|Any CPU.ActiveCfg = Release|Any CPU
		{CD08223F-93DC-49EA-95CE-13AA69644959}.Release|Any CPU.Build.0 = Release|Any CPU
		{DE187152-89C9-43B5-8C56-48A8DB83E5F1}.Debug|Any CPU.ActiveCfg = Debug|Any CPU
		{DE187152-89C9-43B5-8C56-48A8DB83E5F1}.Debug|Any CPU.Build.0 = Debug|Any CPU
		{DE187152-89C9-43B5-8C56-48A8DB83E5F1}.Release|Any CPU.ActiveCfg = Release|Any CPU
		{DE187152-89C9-43B5-8C56-48A8DB83E5F1}.Release|Any CPU.Build.0 = Release|Any CPU
		{A5059EB8-AE48-4277-AB92-F99D7B7D8939}.Debug|Any CPU.ActiveCfg = Debug|Any CPU
		{A5059EB8-AE48-4277-AB92-F99D7B7D8939}.Debug|Any CPU.Build.0 = Debug|Any CPU
		{A5059EB8-AE48-4277-AB92-F99D7B7D8939}.Release|Any CPU.ActiveCfg = Release|Any CPU
		{A5059EB8-AE48-4277-AB92-F99D7B7D8939}.Release|Any CPU.Build.0 = Release|Any CPU
		{B15FD017-FAEC-4622-AA88-3AC303A9846F}.Debug|Any CPU.ActiveCfg = Debug|Any CPU
		{B15FD017-FAEC-4622-AA88-3AC303A9846F}.Debug|Any CPU.Build.0 = Debug|Any CPU
		{B15FD017-FAEC-4622-AA88-3AC303A9846F}.Release|Any CPU.ActiveCfg = Release|Any CPU
		{B15FD017-FAEC-4622-AA88-3AC303A9846F}.Release|Any CPU.Build.0 = Release|Any CPU
		{282ABBB9-1E32-4D3C-BA26-F1420B6F7311}.Debug|Any CPU.ActiveCfg = Debug|Any CPU
		{282ABBB9-1E32-4D3C-BA26-F1420B6F7311}.Debug|Any CPU.Build.0 = Debug|Any CPU
		{282ABBB9-1E32-4D3C-BA26-F1420B6F7311}.Release|Any CPU.ActiveCfg = Release|Any CPU
		{282ABBB9-1E32-4D3C-BA26-F1420B6F7311}.Release|Any CPU.Build.0 = Release|Any CPU
		{9921B3F1-48B9-41B9-9D85-38795C6926D2}.Debug|Any CPU.ActiveCfg = Debug|Any CPU
		{9921B3F1-48B9-41B9-9D85-38795C6926D2}.Debug|Any CPU.Build.0 = Debug|Any CPU
		{9921B3F1-48B9-41B9-9D85-38795C6926D2}.Release|Any CPU.ActiveCfg = Release|Any CPU
		{9921B3F1-48B9-41B9-9D85-38795C6926D2}.Release|Any CPU.Build.0 = Release|Any CPU
	EndGlobalSection
	GlobalSection(SolutionProperties) = preSolution
		HideSolutionNode = FALSE
	EndGlobalSection
	GlobalSection(NestedProjects) = preSolution
		{673E5650-1687-4079-B220-42541CB7703A} = {153ADAEF-6B1D-423B-BFEB-A58059AE198B}
		{9201BA91-54C2-4EBA-8D78-4CF2D66146C1} = {153ADAEF-6B1D-423B-BFEB-A58059AE198B}
		{C245DA6C-4D06-49D2-A086-D18960397E35} = {153ADAEF-6B1D-423B-BFEB-A58059AE198B}
		{C3CE5A9E-8C98-4E91-A238-452B262DAA28} = {153ADAEF-6B1D-423B-BFEB-A58059AE198B}
		{8E6C707C-0FBE-4E27-8EF5-96D67447F902} = {153ADAEF-6B1D-423B-BFEB-A58059AE198B}
		{8D837D7E-B73D-45E6-9000-5E47E4B4F271} = {153ADAEF-6B1D-423B-BFEB-A58059AE198B}
		{5306FFA8-7FE6-4B70-A0F0-DF59F3DACAD5} = {8D837D7E-B73D-45E6-9000-5E47E4B4F271}
		{9F646DEA-D967-4D11-9319-56862A4331EF} = {8D837D7E-B73D-45E6-9000-5E47E4B4F271}
		{3352382D-1C7A-4BEF-8479-A0439C988C4D} = {392CBCC2-A229-4A27-A28B-B09431373C57}
		{B00DF650-C800-4FC0-AA2E-7F5FB249E46B} = {392CBCC2-A229-4A27-A28B-B09431373C57}
		{10FA976D-728C-4A72-BC7D-3A5084684514} = {392CBCC2-A229-4A27-A28B-B09431373C57}
		{B36DC66C-9705-4975-8247-C1932D28C829} = {392CBCC2-A229-4A27-A28B-B09431373C57}
		{8D8033FB-A6F7-46C9-8291-235B8E07DD85} = {392CBCC2-A229-4A27-A28B-B09431373C57}
		{B81DFBF4-E210-4CE7-B87A-B74EE3CAF478} = {392CBCC2-A229-4A27-A28B-B09431373C57}
		{D97269D1-A7FD-42BC-A5C6-BE526134B698} = {392CBCC2-A229-4A27-A28B-B09431373C57}
		{2A88E798-AEDD-4DAF-9C34-8291E8C8EC57} = {392CBCC2-A229-4A27-A28B-B09431373C57}
		{4AF746C6-5701-441D-92A4-B159DD358BBF} = {392CBCC2-A229-4A27-A28B-B09431373C57}
		{97A9D6D3-CD02-4B55-B16E-6671AD8111E4} = {392CBCC2-A229-4A27-A28B-B09431373C57}
		{09D1CEE5-0897-4F17-8971-B184915CA5D2} = {392CBCC2-A229-4A27-A28B-B09431373C57}
		{7A253587-EE09-41D7-AAD6-928E12BCAD40} = {392CBCC2-A229-4A27-A28B-B09431373C57}
		{C34F9666-BD4F-407A-BDF0-1F631B805701} = {392CBCC2-A229-4A27-A28B-B09431373C57}
		{6F1F2310-C4D4-4CFF-AA02-9E557182A6F5} = {392CBCC2-A229-4A27-A28B-B09431373C57}
		{14B10A78-3339-4C5C-9D87-8D4D1888E172} = {392CBCC2-A229-4A27-A28B-B09431373C57}
		{21352246-3779-4EAD-B413-55104C812DBC} = {392CBCC2-A229-4A27-A28B-B09431373C57}
		{7FE57713-E9BE-42B9-BB84-64C35DA14568} = {392CBCC2-A229-4A27-A28B-B09431373C57}
		{E8F29DB1-2415-4EA1-B1DE-1528E79C3412} = {392CBCC2-A229-4A27-A28B-B09431373C57}
		{166CBF55-B5B7-4F04-8BC4-63CB6B620270} = {E8F29DB1-2415-4EA1-B1DE-1528E79C3412}
		{B608AFE3-27C6-400E-8BC6-067C89F316A7} = {E8F29DB1-2415-4EA1-B1DE-1528E79C3412}
		{AC0836D4-0F10-4B39-9F45-9D51C57E9649} = {1BBAA658-ACE5-41FA-B6D5-6E75DB10472A}
		{3AE39960-A990-452F-A680-F4B93997D631} = {1BBAA658-ACE5-41FA-B6D5-6E75DB10472A}
		{092BF64F-6282-465F-A9C1-B917135E6520} = {1BBAA658-ACE5-41FA-B6D5-6E75DB10472A}
		{508EE768-5B08-480F-88A2-14E50726060A} = {1BBAA658-ACE5-41FA-B6D5-6E75DB10472A}
		{A953F54E-62A3-4A41-BC06-61E409739FE8} = {1BBAA658-ACE5-41FA-B6D5-6E75DB10472A}
		{F1EB4D1E-5C5A-4A22-A6FD-A458D7B376CD} = {1BBAA658-ACE5-41FA-B6D5-6E75DB10472A}
		{02018C55-F8D6-4E9B-8C6F-0B8E427F67BD} = {1BBAA658-ACE5-41FA-B6D5-6E75DB10472A}
		{AEAE17E0-6663-428E-9CA1-F23B63D417E6} = {1BBAA658-ACE5-41FA-B6D5-6E75DB10472A}
		{9032F6E3-3090-4480-A3D8-BD977153D869} = {AEAE17E0-6663-428E-9CA1-F23B63D417E6}
		{0D4D28A9-EFDE-4C4C-8965-1208B1DEC959} = {AEAE17E0-6663-428E-9CA1-F23B63D417E6}
		{F1EA7E9E-9DC4-4F43-93C3-A36D61DB3D8F} = {F6484D40-0DBC-4F9B-A532-F973B5B8653C}
		{0EED95EE-A48E-49F7-B206-23FE232EC5CA} = {F6484D40-0DBC-4F9B-A532-F973B5B8653C}
		{1E6916B7-CB68-4083-B368-CF4A92A96F95} = {F6484D40-0DBC-4F9B-A532-F973B5B8653C}
		{066C56F1-F44A-46C2-8598-73A83E7C5847} = {F6484D40-0DBC-4F9B-A532-F973B5B8653C}
		{721C9F94-795A-43E8-BEFD-2F1C8BB4EF6F} = {F6484D40-0DBC-4F9B-A532-F973B5B8653C}
		{CD08223F-93DC-49EA-95CE-13AA69644959} = {F6484D40-0DBC-4F9B-A532-F973B5B8653C}
		{DE187152-89C9-43B5-8C56-48A8DB83E5F1} = {F6484D40-0DBC-4F9B-A532-F973B5B8653C}
		{A5059EB8-AE48-4277-AB92-F99D7B7D8939} = {F6484D40-0DBC-4F9B-A532-F973B5B8653C}
		{B15FD017-FAEC-4622-AA88-3AC303A9846F} = {F6484D40-0DBC-4F9B-A532-F973B5B8653C}
		{282ABBB9-1E32-4D3C-BA26-F1420B6F7311} = {F6484D40-0DBC-4F9B-A532-F973B5B8653C}
		{9921B3F1-48B9-41B9-9D85-38795C6926D2} = {F6484D40-0DBC-4F9B-A532-F973B5B8653C}
	EndGlobalSection
	GlobalSection(ExtensibilityGlobals) = postSolution
		SolutionGuid = {83CB029C-F23D-4D3D-9B84-1FF79D9A646C}
	EndGlobalSection
EndGlobal
